PODS:
  - AWSAuthCore (2.6.22):
    - AWSCore (= 2.6.22)
  - AWSAuthUI (2.6.22):
    - AWSAuthCore (= 2.6.22)
    - AWSCore (= 2.6.22)
  - AWSCognitoIdentityProvider (2.6.22):
    - AWSCognitoIdentityProviderASF (= 1.0.1)
    - AWSCore (= 2.6.22)
  - AWSCognitoIdentityProviderASF (1.0.1)
  - AWSCore (2.6.22)
  - AWSMobileClient (2.6.22):
    - AWSAuthCore (= 2.6.22)
  - AWSUserPoolsSignIn (2.6.22):
    - AWSAuthCore (= 2.6.22)
    - AWSCognitoIdentityProvider (= 2.6.22)

DEPENDENCIES:
  - AWSAuthUI (~> 2.6.13)
  - AWSMobileClient (~> 2.6.13)
  - AWSUserPoolsSignIn (~> 2.6.13)

SPEC REPOS:
  https://github.com/cocoapods/specs.git:
    - AWSAuthCore
    - AWSAuthUI
    - AWSCognitoIdentityProvider
    - AWSCognitoIdentityProviderASF
    - AWSCore
    - AWSMobileClient
    - AWSUserPoolsSignIn

SPEC CHECKSUMS:
  AWSAuthCore: cbe932da2bd77b94e0efa73c81428b3646796427
  AWSAuthUI: f1bc40e3a42d589efa27153158b78842823e92f7
  AWSCognitoIdentityProvider: f7d15744ca3d70270de05a212e501f29a4a06307
  AWSCognitoIdentityProviderASF: f94f1a502e72ef3d0a1de93e10bf7a79c8698118
  AWSCore: faae134779f0f6e46a8d426c0ccc02e34466b785
  AWSMobileClient: 091482a8bf8d9a92bc290fb2137892e2055e9b61
  AWSUserPoolsSignIn: 6df1d4a3293be08a58d8d99d2152fad2bb9616f3

PODFILE CHECKSUM: 505c97174982f0acadc13ded0d23df22c5d18a9c

COCOAPODS: 1.5.2
